
Microsoft Visual Studio Solution File, Format Version 12.00
Project("{FAE04EC0-301F-11D3-BF4B-00C04F79EFBC}") = "NocoDb", "NocoDb\NocoDb.csproj", "{7CE6FC96-9680-4237-959C-993111915FE8}"
EndProject
Project("{FAE04EC0-301F-11D3-BF4B-00C04F79EFBC}") = "ConsoleTest", "ConsoleTest\ConsoleTest.csproj", "{8BFF34D9-6DC5-4B7A-9507-9DA6BFA791D5}"
EndProject
Global
	GlobalSection(SolutionConfigurationPlatforms) = preSolution
		Debug|Any CPU = Debug|Any CPU
		Release|Any CPU = Release|Any CPU
	EndGlobalSection
	GlobalSection(ProjectConfigurationPlatforms) = postSolution
		{7CE6FC96-9680-4237-959C-993111915FE8}.Debug|Any CPU.ActiveCfg = Debug|Any CPU
		{7CE6FC96-9680-4237-959C-993111915FE8}.Debug|Any CPU.Build.0 = Debug|Any CPU
		{7CE6FC96-9680-4237-959C-993111915FE8}.Release|Any CPU.ActiveCfg = Release|Any CPU
		{7CE6FC96-9680-4237-959C-993111915FE8}.Release|Any CPU.Build.0 = Release|Any CPU
		{8BFF34D9-6DC5-4B7A-9507-9DA6BFA791D5}.Debug|Any CPU.ActiveCfg = Debug|Any CPU
		{8BFF34D9-6DC5-4B7A-9507-9DA6BFA791D5}.Debug|Any CPU.Build.0 = Debug|Any CPU
		{8BFF34D9-6DC5-4B7A-9507-9DA6BFA791D5}.Release|Any CPU.ActiveCfg = Release|Any CPU
		{8BFF34D9-6DC5-4B7A-9507-9DA6BFA791D5}.Release|Any CPU.Build.0 = Release|Any CPU
	EndGlobalSection
EndGlobal
